
Microsoft Visual Studio Solution File, Format Version 12.00
# Visual Studio 15
VisualStudioVersion = 15.0.28306.52
MinimumVisualStudioVersion = 10.0.40219.1
Project("{FAE04EC0-301F-11D3-BF4B-00C04F79EFBC}") = "second_step", "second_step\second_step.csproj", "{C8CF1473-B513-498B-BC57-824D5F9CA201}"
EndProject
Global
	GlobalSection(SolutionConfigurationPlatforms) = preSolution
		Debug|Any CPU = Debug|Any CPU
		Release|Any CPU = Release|Any CPU
	EndGlobalSection
	GlobalSection(ProjectConfigurationPlatforms) = postSolution
		{C8CF1473-B513-498B-BC57-824D5F9CA201}.Debug|Any CPU.ActiveCfg = Debug|Any CPU
		{C8CF1473-B513-498B-BC57-824D5F9CA201}.Debug|Any CPU.Build.0 = Debug|Any CPU
		{C8CF1473-B513-498B-BC57-824D5F9CA201}.Release|Any CPU.ActiveCfg = Release|Any CPU
		{C8CF1473-B513-498B-BC57-824D5F9CA201}.Release|Any CPU.Build.0 = Release|Any CPU
	EndGlobalSection
	GlobalSection(SolutionProperties) = preSolution
		HideSolutionNode = FALSE
	EndGlobalSection
	GlobalSection(ExtensibilityGlobals) = postSolution
		SolutionGuid = {C7553E7F-94E6-46A8-8741-BB339B305BCF}
	EndGlobalSection
EndGlobal
